
Microsoft Visual Studio Solution File, Format Version 12.00
# Visual Studio Version 17
VisualStudioVersion = 17.9.34728.123
MinimumVisualStudioVersion = 10.0.40219.1
Project("{FAE04EC0-301F-11D3-BF4B-00C04F79EFBC}") = "HotelManagementSystem", "HotelManagementSystem\HotelManagementSystem.csproj", "{EE079C99-E450-467A-885C-EE8BCAE4ACBB}"
EndProject
Global
	GlobalSection(SolutionConfigurationPlatforms) = preSolution
		Debug|Any CPU = Debug|Any CPU
		Release|Any CPU = Release|Any CPU
	EndGlobalSection
	GlobalSection(ProjectConfigurationPlatforms) = postSolution
		{EE079C99-E450-467A-885C-EE8BCAE4ACBB}.Debug|Any CPU.ActiveCfg = Debug|Any CPU
		{EE079C99-E450-467A-885C-EE8BCAE4ACBB}.Debug|Any CPU.Build.0 = Debug|Any CPU
		{EE079C99-E450-467A-885C-EE8BCAE4ACBB}.Release|Any CPU.ActiveCfg = Release|Any CPU
		{EE079C99-E450-467A-885C-EE8BCAE4ACBB}.Release|Any CPU.Build.0 = Release|Any CPU
	EndGlobalSection
	GlobalSection(SolutionProperties) = preSolution
		HideSolutionNode = FALSE
	EndGlobalSection
	GlobalSection(ExtensibilityGlobals) = postSolution
		SolutionGuid = {ED7E417B-D98B-4252-A60E-4DD714507506}
	EndGlobalSection
EndGlobal
